name: Potential Persistence Via Security Descriptors - ScriptBlock
id: 2f77047c-e6e9-4c11-b088-a3de399524cd
version: 1
schema_version: "1.0"
date: "2023-01-05"
author: Nasreddine Bencherchali (Nextron Systems)
source:
  format: sigma
  repository: SigmaHQ/sigma
  rule_id: 2f77047c-e6e9-4c11-b088-a3de399524cd
  commit: release-20260810
  license: DRL-1.1
converted_by: Moussa Amine — sigma2copilot v0.1.0
status: experimental
type: TTP

description: >
  Detects usage of certain functions and keywords that are used to manipulate
  security descriptors in order to potentially set a backdoor. As seen used in
  the DAMP project.

data_source:
  - PowerShell Script Block Logging EventID 4104

search:
  index_pattern: "${INDEX_PATTERN}"
  size: 100
  sort:
    - timestamp: desc
  query:
    bool:
      must:
        - term:
            agent_name: "${AGENT_NAME}"
        - term:
            agent_labels_customer: "${CUSTOMER_CODE}"
        - term:
            data_win_system_eventID: "4104"
        
        - wildcard:
            data_win_eventdata_scriptBlockText:
              value: "*win32_Trustee*"
              case_insensitive: true
        - wildcard:
            data_win_eventdata_scriptBlockText:
              value: "*win32_Ace*"
              case_insensitive: true
        - wildcard:
            data_win_eventdata_scriptBlockText:
              value: "*.AccessMask*"
              case_insensitive: true
        - wildcard:
            data_win_eventdata_scriptBlockText:
              value: "*.AceType*"
              case_insensitive: true
        - wildcard:
            data_win_eventdata_scriptBlockText:
              value: "*.SetSecurityDescriptor*"
              case_insensitive: true
        - bool:
            should:
              - wildcard:
                  data_win_eventdata_scriptBlockText:
                    value: "*\\\\Lsa\\\\JD*"
                    case_insensitive: true
              - wildcard:
                  data_win_eventdata_scriptBlockText:
                    value: "*\\\\Lsa\\\\Skew1*"
                    case_insensitive: true
              - wildcard:
                  data_win_eventdata_scriptBlockText:
                    value: "*\\\\Lsa\\\\Data*"
                    case_insensitive: true
              - wildcard:
                  data_win_eventdata_scriptBlockText:
                    value: "*\\\\Lsa\\\\GBG*"
                    case_insensitive: true
            minimum_should_match: 1
        # ---- end generated ----
        - range:
            timestamp:
              gte: "${START_TIME}"
              lte: "${END_TIME}"
  _source:
    - timestamp
    - agent_name
    - data_win_system_eventID
    - data_win_eventdata_scriptBlockText
    - data_win_eventdata_scriptBlockId
    - data_win_eventdata_user

parameters:
  AGENT_NAME:
    description: "Target agent/host name"
    type: string
    required: true
    example: "DESKTOP-AM0HLGE"
  CUSTOMER_CODE:
    description: "Customer label for filtering"
    type: string
    required: true
    example: "lab"
  INDEX_PATTERN:
    description: "Elasticsearch index pattern"
    type: string
    required: true
    example: "wazuh-lab_*"
  START_TIME:
    description: "Query start time (ISO 8601 or relative)"
    type: datetime
    required: false
    default: "now-24h"
    example: "2026-04-08 00:00:00.000"
  END_TIME:
    description: "Query end time (ISO 8601 or relative)"
    type: datetime
    required: false
    default: "now"
    example: "2026-04-08 23:59:59.999"

how_to_implement: >
  Requires PowerShell Script Block Logging (EventID 4104) enabled via GPO (Turn
  on PowerShell Script Block Logging) and the
  Microsoft-Windows-PowerShell/Operational channel collected by the Wazuh agent
  (eventchannel localfile entry in ossec.conf), ingested into the wazuh-*
  indices. The detection looks for events where
  data_win_eventdata_scriptBlockText matches '*win32_Trustee*';
  data_win_eventdata_scriptBlockText matches '*win32_Ace*';
  data_win_eventdata_scriptBlockText matches '*.AccessMask*', among other
  conditions.

known_false_positives: >
  Unknown. Baseline expected activity in your environment and tune this
  detection before relying on it for automated response.

references:
  - https://github.com/HarmJ0y/DAMP

response:
  message: >
    Potential Persistence Via Security Descriptors - ScriptBlock detected on
    host $agent_name$. Matched data_win_eventdata_scriptBlockText:
    $data_win_eventdata_scriptBlockText$. Matched
    data_win_eventdata_scriptBlockId: $data_win_eventdata_scriptBlockId$.
  risk_score: 75
  severity: high
  risk_objects:
    - field: agent_name
      type: system
      score: 75
  threat_objects:
    - field: data_win_eventdata_scriptBlockText
      type: powershell_script
    - field: data_win_eventdata_scriptBlockId
      type: powershell_script

tags:
  asset_type: Endpoint
  custom_tags:
    - persistence
    - security
    - descriptors
    - powershell
    - privilege_escalation
    - defense_impairment
  product:
    - Wazuh
  security_domain: endpoint

graylog:
  query: data_win_system_eventID:"4104" AND data_win_eventdata_scriptBlockText:/.*[Ww][Ii][Nn]32_[Tt][Rr][Uu][Ss][Tt][Ee][Ee].*/ AND data_win_eventdata_scriptBlockText:/.*[Ww][Ii][Nn]32_[Aa][Cc][Ee].*/ AND data_win_eventdata_scriptBlockText:/.*\.[Aa][Cc][Cc][Ee][Ss][Ss][Mm][Aa][Ss][Kk].*/ AND data_win_eventdata_scriptBlockText:/.*\.[Aa][Cc][Ee][Tt][Yy][Pp][Ee].*/ AND data_win_eventdata_scriptBlockText:/.*\.[Ss][Ee][Tt][Ss][Ee][Cc][Uu][Rr][Ii][Tt][Yy][Dd][Ee][Ss][Cc][Rr][Ii][Pp][Tt][Oo][Rr].*/ AND (data_win_eventdata_scriptBlockText:/.*\\[Ll][Ss][Aa]\\[Jj][Dd].*/ OR data_win_eventdata_scriptBlockText:/.*\\[Ll][Ss][Aa]\\[Ss][Kk][Ee][Ww]1.*/ OR data_win_eventdata_scriptBlockText:/.*\\[Ll][Ss][Aa]\\[Dd][Aa][Tt][Aa].*/ OR data_win_eventdata_scriptBlockText:/.*\\[Ll][Ss][Aa]\\[Gg][Bb][Gg].*/)
