name: PowerShell Get-Process LSASS in ScriptBlock
id: 84c174ab-d3ef-481f-9c86-a50d0b8e3edb
version: 1
schema_version: "1.0"
date: "2022-12-25"
author: Florian Roth (Nextron Systems)
source:
  format: sigma
  repository: SigmaHQ/sigma
  rule_id: 84c174ab-d3ef-481f-9c86-a50d0b8e3edb
  commit: release-20260810
  license: DRL-1.1
converted_by: Moussa Amine — sigma2copilot v0.1.0
status: experimental
type: TTP

description: >
  Detects a Get-Process command on lsass process, which is in almost all cases a
  sign of malicious activity. MITRE ATT&CK: T1003.001.

data_source:
  - PowerShell Script Block Logging EventID 4104

search:
  index_pattern: "${INDEX_PATTERN}"
  size: 100
  sort:
    - timestamp: desc
  query:
    bool:
      must:
        - term:
            agent_name: "${AGENT_NAME}"
        - term:
            agent_labels_customer: "${CUSTOMER_CODE}"
        - term:
            data_win_system_eventID: "4104"
        
        - wildcard:
            data_win_eventdata_scriptBlockText:
              value: "*Get-Process lsass*"
              case_insensitive: true
        # ---- end generated ----
        - range:
            timestamp:
              gte: "${START_TIME}"
              lte: "${END_TIME}"
  _source:
    - timestamp
    - agent_name
    - data_win_system_eventID
    - data_win_eventdata_scriptBlockText
    - data_win_eventdata_scriptBlockId
    - data_win_eventdata_user

parameters:
  AGENT_NAME:
    description: "Target agent/host name"
    type: string
    required: true
    example: "DESKTOP-AM0HLGE"
  CUSTOMER_CODE:
    description: "Customer label for filtering"
    type: string
    required: true
    example: "lab"
  INDEX_PATTERN:
    description: "Elasticsearch index pattern"
    type: string
    required: true
    example: "wazuh-lab_*"
  START_TIME:
    description: "Query start time (ISO 8601 or relative)"
    type: datetime
    required: false
    default: "now-24h"
    example: "2026-04-08 00:00:00.000"
  END_TIME:
    description: "Query end time (ISO 8601 or relative)"
    type: datetime
    required: false
    default: "now"
    example: "2026-04-08 23:59:59.999"

how_to_implement: >
  Requires PowerShell Script Block Logging (EventID 4104) enabled via GPO (Turn
  on PowerShell Script Block Logging) and the
  Microsoft-Windows-PowerShell/Operational channel collected by the Wazuh agent
  (eventchannel localfile entry in ossec.conf), ingested into the wazuh-*
  indices. The detection looks for events where
  data_win_eventdata_scriptBlockText matches '*Get-Process lsass*'.

known_false_positives: >
  Legitimate certificate exports invoked by administrators or users (depends on
  processes in the environment - filter if unusable). Baseline expected activity
  in your environment and tune this detection before relying on it for automated
  response.

references:
  - https://web.archive.org/web/20220205033028/https://twitter.com/PythonResponder/status/1385064506049630211
  - https://attack.mitre.org/techniques/T1003/001/

response:
  message: >
    PowerShell Get-Process LSASS in ScriptBlock detected on host $agent_name$.
    Matched data_win_eventdata_scriptBlockText:
    $data_win_eventdata_scriptBlockText$. Matched
    data_win_eventdata_scriptBlockId: $data_win_eventdata_scriptBlockId$. MITRE
    ATT&CK: T1003.001
  risk_score: 75
  severity: high
  risk_objects:
    - field: agent_name
      type: system
      score: 75
  threat_objects:
    - field: data_win_eventdata_scriptBlockText
      type: powershell_script
    - field: data_win_eventdata_scriptBlockId
      type: powershell_script

tags:
  asset_type: Endpoint
  mitre_attack_id:
    - T1003.001
  custom_tags:
    - powershell
    - lsass
    - scriptblock
    - credential_access
  product:
    - Wazuh
  security_domain: endpoint

graylog:
  query: data_win_system_eventID:"4104" AND data_win_eventdata_scriptBlockText:/.*[Gg][Ee][Tt]-[Pp][Rr][Oo][Cc][Ee][Ss][Ss] [Ll][Ss][Aa][Ss][Ss].*/
